
Microsoft Visual Studio Solution File, Format Version 12.00
# Visual Studio Version 17
VisualStudioVersion = 17.5.002.0
MinimumVisualStudioVersion = 10.0.40219.1
Project("{2150E333-8FDC-42A3-9474-1A3956D46DE8}") = "Atividades", "Atividades", "{270243AB-24C9-48B3-8C74-5B74CEC5D018}"
EndProject
Project("{9A19103F-16F7-4668-BE54-9A1E7A4F7556}") = "atividade_01", "Atividades\atividade_01\atividade_01.csproj", "{050E1519-E9C1-44A1-918E-79D690AC6292}"
EndProject
Project("{9A19103F-16F7-4668-BE54-9A1E7A4F7556}") = "atividade_02", "Atividades\atividade_02\atividade_02.csproj", "{5FD8565B-2439-474A-8D1D-AB6ED18BE62A}"
EndProject
Project("{9A19103F-16F7-4668-BE54-9A1E7A4F7556}") = "atividade_03", "Atividades\atividade_03\atividade_03.csproj", "{57F82AB2-F574-4603-A65D-F5896147C308}"
EndProject
Project("{9A19103F-16F7-4668-BE54-9A1E7A4F7556}") = "atividade_04", "Atividades\atividade_04\atividade_04.csproj", "{A8DBC3C6-3B8D-475B-8E65-20C2C37EA097}"
EndProject
Project("{2150E333-8FDC-42A3-9474-1A3956D46DE8}") = "Exercicios", "Exercicios", "{EA0D26AC-F17D-42EA-8171-7C263A5FF556}"
EndProject
Project("{9A19103F-16F7-4668-BE54-9A1E7A4F7556}") = "240219_01", "Exercicios\240219_01\240219_01.csproj", "{98341890-3161-4553-8C38-83CEC7D83736}"
EndProject
Project("{9A19103F-16F7-4668-BE54-9A1E7A4F7556}") = "240226_01", "Exercicios\240226_01\240226_01.csproj", "{E5377952-D8B1-49E4-B881-D0427EF341F7}"
EndProject
Project("{9A19103F-16F7-4668-BE54-9A1E7A4F7556}") = "240304_01", "Exercicios\240304_01\240304_01.csproj", "{2EB6501A-4E4A-4E08-AD69-A88546EB4D23}"
EndProject
Project("{9A19103F-16F7-4668-BE54-9A1E7A4F7556}") = "240318_01", "Exercicios\240318_01\240318_01.csproj", "{B8EE5FB7-F14F-4E8D-9C4D-055B7879F78D}"
EndProject
Project("{9A19103F-16F7-4668-BE54-9A1E7A4F7556}") = "240325_01", "Exercicios\240325_01\240325_01.csproj", "{1356B1EA-207E-4F2E-84EE-6A0A767F1BDF}"
EndProject
Project("{9A19103F-16F7-4668-BE54-9A1E7A4F7556}") = "240401_01", "Exercicios\240401_01\240401_01.csproj", "{784AD4F3-4E26-41AA-BD25-FF8CF24F19E6}"
EndProject
Project("{FAE04EC0-301F-11D3-BF4B-00C04F79EFBC}") = "240415_01", "Exercicios\240415_01\240415_01.csproj", "{579380F1-D8CF-4323-82AE-05845DA4C4CB}"
EndProject
Project("{FAE04EC0-301F-11D3-BF4B-00C04F79EFBC}") = "240422_01", "Exercicios\240422_01\240422_01.csproj", "{592D1966-DA8B-451D-BD33-B0024AAD4C70}"
EndProject
Project("{FAE04EC0-301F-11D3-BF4B-00C04F79EFBC}") = "240429_01", "Exercicios\240429_01\240429_01.csproj", "{9C13C9D7-8DC7-40D5-AACF-64B29E315971}"
EndProject
Project("{FAE04EC0-301F-11D3-BF4B-00C04F79EFBC}") = "240513_01", "Exercicios\240513_01\240513_01.csproj", "{F19F6A51-AE9B-4A2B-ACAF-0E79D4D0B8F9}"
EndProject
Global
	GlobalSection(SolutionConfigurationPlatforms) = preSolution
		Debug|Any CPU = Debug|Any CPU
		Release|Any CPU = Release|Any CPU
	EndGlobalSection
	GlobalSection(ProjectConfigurationPlatforms) = postSolution
		{050E1519-E9C1-44A1-918E-79D690AC6292}.Debug|Any CPU.ActiveCfg = Debug|Any CPU
		{050E1519-E9C1-44A1-918E-79D690AC6292}.Debug|Any CPU.Build.0 = Debug|Any CPU
		{050E1519-E9C1-44A1-918E-79D690AC6292}.Release|Any CPU.ActiveCfg = Release|Any CPU
		{050E1519-E9C1-44A1-918E-79D690AC6292}.Release|Any CPU.Build.0 = Release|Any CPU
		{5FD8565B-2439-474A-8D1D-AB6ED18BE62A}.Debug|Any CPU.ActiveCfg = Debug|Any CPU
		{5FD8565B-2439-474A-8D1D-AB6ED18BE62A}.Debug|Any CPU.Build.0 = Debug|Any CPU
		{5FD8565B-2439-474A-8D1D-AB6ED18BE62A}.Release|Any CPU.ActiveCfg = Release|Any CPU
		{5FD8565B-2439-474A-8D1D-AB6ED18BE62A}.Release|Any CPU.Build.0 = Release|Any CPU
		{57F82AB2-F574-4603-A65D-F5896147C308}.Debug|Any CPU.ActiveCfg = Debug|Any CPU
		{57F82AB2-F574-4603-A65D-F5896147C308}.Debug|Any CPU.Build.0 = Debug|Any CPU
		{57F82AB2-F574-4603-A65D-F5896147C308}.Release|Any CPU.ActiveCfg = Release|Any CPU
		{57F82AB2-F574-4603-A65D-F5896147C308}.Release|Any CPU.Build.0 = Release|Any CPU
		{A8DBC3C6-3B8D-475B-8E65-20C2C37EA097}.Debug|Any CPU.ActiveCfg = Debug|Any CPU
		{A8DBC3C6-3B8D-475B-8E65-20C2C37EA097}.Debug|Any CPU.Build.0 = Debug|Any CPU
		{A8DBC3C6-3B8D-475B-8E65-20C2C37EA097}.Release|Any CPU.ActiveCfg = Release|Any CPU
		{A8DBC3C6-3B8D-475B-8E65-20C2C37EA097}.Release|Any CPU.Build.0 = Release|Any CPU
		{98341890-3161-4553-8C38-83CEC7D83736}.Debug|Any CPU.ActiveCfg = Debug|Any CPU
		{98341890-3161-4553-8C38-83CEC7D83736}.Debug|Any CPU.Build.0 = Debug|Any CPU
		{98341890-3161-4553-8C38-83CEC7D83736}.Release|Any CPU.ActiveCfg = Release|Any CPU
		{98341890-3161-4553-8C38-83CEC7D83736}.Release|Any CPU.Build.0 = Release|Any CPU
		{E5377952-D8B1-49E4-B881-D0427EF341F7}.Debug|Any CPU.ActiveCfg = Debug|Any CPU
		{E5377952-D8B1-49E4-B881-D0427EF341F7}.Debug|Any CPU.Build.0 = Debug|Any CPU
		{E5377952-D8B1-49E4-B881-D0427EF341F7}.Release|Any CPU.ActiveCfg = Release|Any CPU
		{E5377952-D8B1-49E4-B881-D0427EF341F7}.Release|Any CPU.Build.0 = Release|Any CPU
		{2EB6501A-4E4A-4E08-AD69-A88546EB4D23}.Debug|Any CPU.ActiveCfg = Debug|Any CPU
		{2EB6501A-4E4A-4E08-AD69-A88546EB4D23}.Debug|Any CPU.Build.0 = Debug|Any CPU
		{2EB6501A-4E4A-4E08-AD69-A88546EB4D23}.Release|Any CPU.ActiveCfg = Release|Any CPU
		{2EB6501A-4E4A-4E08-AD69-A88546EB4D23}.Release|Any CPU.Build.0 = Release|Any CPU
		{B8EE5FB7-F14F-4E8D-9C4D-055B7879F78D}.Debug|Any CPU.ActiveCfg = Debug|Any CPU
		{B8EE5FB7-F14F-4E8D-9C4D-055B7879F78D}.Debug|Any CPU.Build.0 = Debug|Any CPU
		{B8EE5FB7-F14F-4E8D-9C4D-055B7879F78D}.Release|Any CPU.ActiveCfg = Release|Any CPU
		{B8EE5FB7-F14F-4E8D-9C4D-055B7879F78D}.Release|Any CPU.Build.0 = Release|Any CPU
		{1356B1EA-207E-4F2E-84EE-6A0A767F1BDF}.Debug|Any CPU.ActiveCfg = Debug|Any CPU
		{1356B1EA-207E-4F2E-84EE-6A0A767F1BDF}.Debug|Any CPU.Build.0 = Debug|Any CPU
		{1356B1EA-207E-4F2E-84EE-6A0A767F1BDF}.Release|Any CPU.ActiveCfg = Release|Any CPU
		{1356B1EA-207E-4F2E-84EE-6A0A767F1BDF}.Release|Any CPU.Build.0 = Release|Any CPU
		{784AD4F3-4E26-41AA-BD25-FF8CF24F19E6}.Debug|Any CPU.ActiveCfg = Debug|Any CPU
		{784AD4F3-4E26-41AA-BD25-FF8CF24F19E6}.Debug|Any CPU.Build.0 = Debug|Any CPU
		{784AD4F3-4E26-41AA-BD25-FF8CF24F19E6}.Release|Any CPU.ActiveCfg = Release|Any CPU
		{784AD4F3-4E26-41AA-BD25-FF8CF24F19E6}.Release|Any CPU.Build.0 = Release|Any CPU
		{579380F1-D8CF-4323-82AE-05845DA4C4CB}.Debug|Any CPU.ActiveCfg = Debug|Any CPU
		{579380F1-D8CF-4323-82AE-05845DA4C4CB}.Debug|Any CPU.Build.0 = Debug|Any CPU
		{579380F1-D8CF-4323-82AE-05845DA4C4CB}.Release|Any CPU.ActiveCfg = Release|Any CPU
		{579380F1-D8CF-4323-82AE-05845DA4C4CB}.Release|Any CPU.Build.0 = Release|Any CPU
		{592D1966-DA8B-451D-BD33-B0024AAD4C70}.Debug|Any CPU.ActiveCfg = Debug|Any CPU
		{592D1966-DA8B-451D-BD33-B0024AAD4C70}.Debug|Any CPU.Build.0 = Debug|Any CPU
		{592D1966-DA8B-451D-BD33-B0024AAD4C70}.Release|Any CPU.ActiveCfg = Release|Any CPU
		{592D1966-DA8B-451D-BD33-B0024AAD4C70}.Release|Any CPU.Build.0 = Release|Any CPU
		{9C13C9D7-8DC7-40D5-AACF-64B29E315971}.Debug|Any CPU.ActiveCfg = Debug|Any CPU
		{9C13C9D7-8DC7-40D5-AACF-64B29E315971}.Debug|Any CPU.Build.0 = Debug|Any CPU
		{9C13C9D7-8DC7-40D5-AACF-64B29E315971}.Release|Any CPU.ActiveCfg = Release|Any CPU
		{9C13C9D7-8DC7-40D5-AACF-64B29E315971}.Release|Any CPU.Build.0 = Release|Any CPU
		{F19F6A51-AE9B-4A2B-ACAF-0E79D4D0B8F9}.Debug|Any CPU.ActiveCfg = Debug|Any CPU
		{F19F6A51-AE9B-4A2B-ACAF-0E79D4D0B8F9}.Debug|Any CPU.Build.0 = Debug|Any CPU
		{F19F6A51-AE9B-4A2B-ACAF-0E79D4D0B8F9}.Release|Any CPU.ActiveCfg = Release|Any CPU
		{F19F6A51-AE9B-4A2B-ACAF-0E79D4D0B8F9}.Release|Any CPU.Build.0 = Release|Any CPU
	EndGlobalSection
	GlobalSection(SolutionProperties) = preSolution
		HideSolutionNode = FALSE
	EndGlobalSection
	GlobalSection(NestedProjects) = preSolution
		{050E1519-E9C1-44A1-918E-79D690AC6292} = {270243AB-24C9-48B3-8C74-5B74CEC5D018}
		{5FD8565B-2439-474A-8D1D-AB6ED18BE62A} = {270243AB-24C9-48B3-8C74-5B74CEC5D018}
		{57F82AB2-F574-4603-A65D-F5896147C308} = {270243AB-24C9-48B3-8C74-5B74CEC5D018}
		{A8DBC3C6-3B8D-475B-8E65-20C2C37EA097} = {270243AB-24C9-48B3-8C74-5B74CEC5D018}
		{98341890-3161-4553-8C38-83CEC7D83736} = {EA0D26AC-F17D-42EA-8171-7C263A5FF556}
		{E5377952-D8B1-49E4-B881-D0427EF341F7} = {EA0D26AC-F17D-42EA-8171-7C263A5FF556}
		{2EB6501A-4E4A-4E08-AD69-A88546EB4D23} = {EA0D26AC-F17D-42EA-8171-7C263A5FF556}
		{B8EE5FB7-F14F-4E8D-9C4D-055B7879F78D} = {EA0D26AC-F17D-42EA-8171-7C263A5FF556}
		{1356B1EA-207E-4F2E-84EE-6A0A767F1BDF} = {EA0D26AC-F17D-42EA-8171-7C263A5FF556}
		{784AD4F3-4E26-41AA-BD25-FF8CF24F19E6} = {EA0D26AC-F17D-42EA-8171-7C263A5FF556}
		{579380F1-D8CF-4323-82AE-05845DA4C4CB} = {EA0D26AC-F17D-42EA-8171-7C263A5FF556}
		{592D1966-DA8B-451D-BD33-B0024AAD4C70} = {EA0D26AC-F17D-42EA-8171-7C263A5FF556}
		{9C13C9D7-8DC7-40D5-AACF-64B29E315971} = {EA0D26AC-F17D-42EA-8171-7C263A5FF556}
		{F19F6A51-AE9B-4A2B-ACAF-0E79D4D0B8F9} = {EA0D26AC-F17D-42EA-8171-7C263A5FF556}
	EndGlobalSection
	GlobalSection(ExtensibilityGlobals) = postSolution
		SolutionGuid = {FA3B79B7-C508-4B9D-8DC8-95F7F941836E}
	EndGlobalSection
EndGlobal
