
Microsoft Visual Studio Solution File, Format Version 12.00
# Visual Studio Version 17
VisualStudioVersion = 17.5.002.0
MinimumVisualStudioVersion = 10.0.40219.1
Project("{2150E333-8FDC-42A3-9474-1A3956D46DE8}") = "Atividades", "Atividades", "{84799DB1-93B3-436B-BC86-0526BE2567B2}"
EndProject
Project("{9A19103F-16F7-4668-BE54-9A1E7A4F7556}") = "atividade_01", "Atividades\atividade_01\atividade_01.csproj", "{A927561D-C301-4AF6-A704-FA87C3C66D3E}"
EndProject
Project("{9A19103F-16F7-4668-BE54-9A1E7A4F7556}") = "atividade_02", "Atividades\atividade_02\atividade_02.csproj", "{532C0E6D-45DD-483B-90E7-2074279FC685}"
EndProject
Project("{9A19103F-16F7-4668-BE54-9A1E7A4F7556}") = "atividade_03", "Atividades\atividade_03\atividade_03.csproj", "{971F20D1-016C-4C26-B148-FCDDFFF9E781}"
EndProject
Project("{9A19103F-16F7-4668-BE54-9A1E7A4F7556}") = "atividade_04", "Atividades\atividade_04\atividade_04.csproj", "{FFFB660D-ECE5-4A47-9920-8074CDCB5EB9}"
EndProject
Project("{2150E333-8FDC-42A3-9474-1A3956D46DE8}") = "Exercicios", "Exercicios", "{3AA3EACF-83F2-4E04-8402-AA2C37F65993}"
EndProject
Project("{9A19103F-16F7-4668-BE54-9A1E7A4F7556}") = "240219_01", "Exercicios\240219_01\240219_01.csproj", "{CE88D8C3-83A4-426E-97C8-DF1F12F48753}"
EndProject
Project("{9A19103F-16F7-4668-BE54-9A1E7A4F7556}") = "240226_01", "Exercicios\240226_01\240226_01.csproj", "{1F4DC191-1062-46F6-900E-669F6F328C47}"
EndProject
Project("{9A19103F-16F7-4668-BE54-9A1E7A4F7556}") = "240304_01", "Exercicios\240304_01\240304_01.csproj", "{4DFBAA9F-D004-4D79-95F7-883249325E60}"
EndProject
Project("{9A19103F-16F7-4668-BE54-9A1E7A4F7556}") = "20240311_01", "Exercicios\240311_01\20240311_01.csproj", "{B3EF5676-AA8C-46AC-99FD-98023C63A52A}"
EndProject
Project("{9A19103F-16F7-4668-BE54-9A1E7A4F7556}") = "240318_01", "Exercicios\240318_01\240318_01.csproj", "{6D6F9FB8-290F-4675-8F2E-6654FD7F2026}"
EndProject
Project("{9A19103F-16F7-4668-BE54-9A1E7A4F7556}") = "240325_01", "Exercicios\240325_01\240325_01.csproj", "{0DA1414C-EADD-4CC3-B38D-2A28B3D41C02}"
EndProject
Project("{9A19103F-16F7-4668-BE54-9A1E7A4F7556}") = "240401_01", "Exercicios\240401_01\240401_01.csproj", "{5DC44B64-09A9-41C6-8B4E-4F82983DA7E6}"
EndProject
Global
	GlobalSection(SolutionConfigurationPlatforms) = preSolution
		Debug|Any CPU = Debug|Any CPU
		Release|Any CPU = Release|Any CPU
	EndGlobalSection
	GlobalSection(ProjectConfigurationPlatforms) = postSolution
		{A927561D-C301-4AF6-A704-FA87C3C66D3E}.Debug|Any CPU.ActiveCfg = Debug|Any CPU
		{A927561D-C301-4AF6-A704-FA87C3C66D3E}.Debug|Any CPU.Build.0 = Debug|Any CPU
		{A927561D-C301-4AF6-A704-FA87C3C66D3E}.Release|Any CPU.ActiveCfg = Release|Any CPU
		{A927561D-C301-4AF6-A704-FA87C3C66D3E}.Release|Any CPU.Build.0 = Release|Any CPU
		{532C0E6D-45DD-483B-90E7-2074279FC685}.Debug|Any CPU.ActiveCfg = Debug|Any CPU
		{532C0E6D-45DD-483B-90E7-2074279FC685}.Debug|Any CPU.Build.0 = Debug|Any CPU
		{532C0E6D-45DD-483B-90E7-2074279FC685}.Release|Any CPU.ActiveCfg = Release|Any CPU
		{532C0E6D-45DD-483B-90E7-2074279FC685}.Release|Any CPU.Build.0 = Release|Any CPU
		{971F20D1-016C-4C26-B148-FCDDFFF9E781}.Debug|Any CPU.ActiveCfg = Debug|Any CPU
		{971F20D1-016C-4C26-B148-FCDDFFF9E781}.Debug|Any CPU.Build.0 = Debug|Any CPU
		{971F20D1-016C-4C26-B148-FCDDFFF9E781}.Release|Any CPU.ActiveCfg = Release|Any CPU
		{971F20D1-016C-4C26-B148-FCDDFFF9E781}.Release|Any CPU.Build.0 = Release|Any CPU
		{FFFB660D-ECE5-4A47-9920-8074CDCB5EB9}.Debug|Any CPU.ActiveCfg = Debug|Any CPU
		{FFFB660D-ECE5-4A47-9920-8074CDCB5EB9}.Debug|Any CPU.Build.0 = Debug|Any CPU
		{FFFB660D-ECE5-4A47-9920-8074CDCB5EB9}.Release|Any CPU.ActiveCfg = Release|Any CPU
		{FFFB660D-ECE5-4A47-9920-8074CDCB5EB9}.Release|Any CPU.Build.0 = Release|Any CPU
		{CE88D8C3-83A4-426E-97C8-DF1F12F48753}.Debug|Any CPU.ActiveCfg = Debug|Any CPU
		{CE88D8C3-83A4-426E-97C8-DF1F12F48753}.Debug|Any CPU.Build.0 = Debug|Any CPU
		{CE88D8C3-83A4-426E-97C8-DF1F12F48753}.Release|Any CPU.ActiveCfg = Release|Any CPU
		{CE88D8C3-83A4-426E-97C8-DF1F12F48753}.Release|Any CPU.Build.0 = Release|Any CPU
		{1F4DC191-1062-46F6-900E-669F6F328C47}.Debug|Any CPU.ActiveCfg = Debug|Any CPU
		{1F4DC191-1062-46F6-900E-669F6F328C47}.Debug|Any CPU.Build.0 = Debug|Any CPU
		{1F4DC191-1062-46F6-900E-669F6F328C47}.Release|Any CPU.ActiveCfg = Release|Any CPU
		{1F4DC191-1062-46F6-900E-669F6F328C47}.Release|Any CPU.Build.0 = Release|Any CPU
		{4DFBAA9F-D004-4D79-95F7-883249325E60}.Debug|Any CPU.ActiveCfg = Debug|Any CPU
		{4DFBAA9F-D004-4D79-95F7-883249325E60}.Debug|Any CPU.Build.0 = Debug|Any CPU
		{4DFBAA9F-D004-4D79-95F7-883249325E60}.Release|Any CPU.ActiveCfg = Release|Any CPU
		{4DFBAA9F-D004-4D79-95F7-883249325E60}.Release|Any CPU.Build.0 = Release|Any CPU
		{B3EF5676-AA8C-46AC-99FD-98023C63A52A}.Debug|Any CPU.ActiveCfg = Debug|Any CPU
		{B3EF5676-AA8C-46AC-99FD-98023C63A52A}.Debug|Any CPU.Build.0 = Debug|Any CPU
		{B3EF5676-AA8C-46AC-99FD-98023C63A52A}.Release|Any CPU.ActiveCfg = Release|Any CPU
		{B3EF5676-AA8C-46AC-99FD-98023C63A52A}.Release|Any CPU.Build.0 = Release|Any CPU
		{6D6F9FB8-290F-4675-8F2E-6654FD7F2026}.Debug|Any CPU.ActiveCfg = Debug|Any CPU
		{6D6F9FB8-290F-4675-8F2E-6654FD7F2026}.Debug|Any CPU.Build.0 = Debug|Any CPU
		{6D6F9FB8-290F-4675-8F2E-6654FD7F2026}.Release|Any CPU.ActiveCfg = Release|Any CPU
		{6D6F9FB8-290F-4675-8F2E-6654FD7F2026}.Release|Any CPU.Build.0 = Release|Any CPU
		{0DA1414C-EADD-4CC3-B38D-2A28B3D41C02}.Debug|Any CPU.ActiveCfg = Debug|Any CPU
		{0DA1414C-EADD-4CC3-B38D-2A28B3D41C02}.Debug|Any CPU.Build.0 = Debug|Any CPU
		{0DA1414C-EADD-4CC3-B38D-2A28B3D41C02}.Release|Any CPU.ActiveCfg = Release|Any CPU
		{0DA1414C-EADD-4CC3-B38D-2A28B3D41C02}.Release|Any CPU.Build.0 = Release|Any CPU
		{5DC44B64-09A9-41C6-8B4E-4F82983DA7E6}.Debug|Any CPU.ActiveCfg = Debug|Any CPU
		{5DC44B64-09A9-41C6-8B4E-4F82983DA7E6}.Debug|Any CPU.Build.0 = Debug|Any CPU
		{5DC44B64-09A9-41C6-8B4E-4F82983DA7E6}.Release|Any CPU.ActiveCfg = Release|Any CPU
		{5DC44B64-09A9-41C6-8B4E-4F82983DA7E6}.Release|Any CPU.Build.0 = Release|Any CPU
	EndGlobalSection
	GlobalSection(SolutionProperties) = preSolution
		HideSolutionNode = FALSE
	EndGlobalSection
	GlobalSection(NestedProjects) = preSolution
		{A927561D-C301-4AF6-A704-FA87C3C66D3E} = {84799DB1-93B3-436B-BC86-0526BE2567B2}
		{532C0E6D-45DD-483B-90E7-2074279FC685} = {84799DB1-93B3-436B-BC86-0526BE2567B2}
		{971F20D1-016C-4C26-B148-FCDDFFF9E781} = {84799DB1-93B3-436B-BC86-0526BE2567B2}
		{FFFB660D-ECE5-4A47-9920-8074CDCB5EB9} = {84799DB1-93B3-436B-BC86-0526BE2567B2}
		{CE88D8C3-83A4-426E-97C8-DF1F12F48753} = {3AA3EACF-83F2-4E04-8402-AA2C37F65993}
		{1F4DC191-1062-46F6-900E-669F6F328C47} = {3AA3EACF-83F2-4E04-8402-AA2C37F65993}
		{4DFBAA9F-D004-4D79-95F7-883249325E60} = {3AA3EACF-83F2-4E04-8402-AA2C37F65993}
		{B3EF5676-AA8C-46AC-99FD-98023C63A52A} = {3AA3EACF-83F2-4E04-8402-AA2C37F65993}
		{6D6F9FB8-290F-4675-8F2E-6654FD7F2026} = {3AA3EACF-83F2-4E04-8402-AA2C37F65993}
		{0DA1414C-EADD-4CC3-B38D-2A28B3D41C02} = {3AA3EACF-83F2-4E04-8402-AA2C37F65993}
		{5DC44B64-09A9-41C6-8B4E-4F82983DA7E6} = {3AA3EACF-83F2-4E04-8402-AA2C37F65993}
	EndGlobalSection
	GlobalSection(ExtensibilityGlobals) = postSolution
		SolutionGuid = {1AF241BB-B004-48EE-9B7D-9D9A4A743326}
	EndGlobalSection
EndGlobal
