
Microsoft Visual Studio Solution File, Format Version 12.00
# Visual Studio Version 17
VisualStudioVersion = 17.5.002.0
MinimumVisualStudioVersion = 10.0.40219.1
Project("{2150E333-8FDC-42A3-9474-1A3956D46DE8}") = "Atividades", "Atividades", "{9B9CAD19-1581-4A8D-BF72-E18914B4A7DC}"
EndProject
Project("{9A19103F-16F7-4668-BE54-9A1E7A4F7556}") = "atividade_01", "Atividades\atividade_01\atividade_01.csproj", "{B32D2E8D-DFF8-4818-9881-CAAAB8957DF5}"
EndProject
Project("{9A19103F-16F7-4668-BE54-9A1E7A4F7556}") = "atividade_02", "Atividades\atividade_02\atividade_02.csproj", "{8765FC50-EAD1-4456-A7BA-81011CEC4FB3}"
EndProject
Project("{9A19103F-16F7-4668-BE54-9A1E7A4F7556}") = "atividade_03", "Atividades\atividade_03\atividade_03.csproj", "{B6A096FB-92C6-4559-94D1-1B9D701FC757}"
EndProject
Project("{2150E333-8FDC-42A3-9474-1A3956D46DE8}") = "Exercicios", "Exercicios", "{54E7FA4C-62A7-46EA-AFE3-E99955C22B3F}"
EndProject
Project("{9A19103F-16F7-4668-BE54-9A1E7A4F7556}") = "240219_01", "Exercicios\240219_01\240219_01.csproj", "{EA17B14F-9AE3-421A-94CB-1E5413930D59}"
EndProject
Project("{9A19103F-16F7-4668-BE54-9A1E7A4F7556}") = "240226_01", "Exercicios\240226_01\240226_01.csproj", "{F59D72B9-C1A9-4FE9-A8A6-23108764ED26}"
EndProject
Project("{9A19103F-16F7-4668-BE54-9A1E7A4F7556}") = "240304_01", "Exercicios\240304_01\240304_01.csproj", "{D08E771D-AB85-4402-AEDA-85D3F9C4EE9C}"
EndProject
Project("{9A19103F-16F7-4668-BE54-9A1E7A4F7556}") = "20240311_01", "Exercicios\240311_01\20240311_01.csproj", "{29F8F944-8084-4167-92B6-1FE59FEA04EA}"
EndProject
Project("{9A19103F-16F7-4668-BE54-9A1E7A4F7556}") = "240318_01", "Exercicios\240318_01\240318_01.csproj", "{340585F9-10A3-465B-A249-A7D8BE9C4CDC}"
EndProject
Global
	GlobalSection(SolutionConfigurationPlatforms) = preSolution
		Debug|Any CPU = Debug|Any CPU
		Release|Any CPU = Release|Any CPU
	EndGlobalSection
	GlobalSection(ProjectConfigurationPlatforms) = postSolution
		{B32D2E8D-DFF8-4818-9881-CAAAB8957DF5}.Debug|Any CPU.ActiveCfg = Debug|Any CPU
		{B32D2E8D-DFF8-4818-9881-CAAAB8957DF5}.Debug|Any CPU.Build.0 = Debug|Any CPU
		{B32D2E8D-DFF8-4818-9881-CAAAB8957DF5}.Release|Any CPU.ActiveCfg = Release|Any CPU
		{B32D2E8D-DFF8-4818-9881-CAAAB8957DF5}.Release|Any CPU.Build.0 = Release|Any CPU
		{8765FC50-EAD1-4456-A7BA-81011CEC4FB3}.Debug|Any CPU.ActiveCfg = Debug|Any CPU
		{8765FC50-EAD1-4456-A7BA-81011CEC4FB3}.Debug|Any CPU.Build.0 = Debug|Any CPU
		{8765FC50-EAD1-4456-A7BA-81011CEC4FB3}.Release|Any CPU.ActiveCfg = Release|Any CPU
		{8765FC50-EAD1-4456-A7BA-81011CEC4FB3}.Release|Any CPU.Build.0 = Release|Any CPU
		{B6A096FB-92C6-4559-94D1-1B9D701FC757}.Debug|Any CPU.ActiveCfg = Debug|Any CPU
		{B6A096FB-92C6-4559-94D1-1B9D701FC757}.Debug|Any CPU.Build.0 = Debug|Any CPU
		{B6A096FB-92C6-4559-94D1-1B9D701FC757}.Release|Any CPU.ActiveCfg = Release|Any CPU
		{B6A096FB-92C6-4559-94D1-1B9D701FC757}.Release|Any CPU.Build.0 = Release|Any CPU
		{EA17B14F-9AE3-421A-94CB-1E5413930D59}.Debug|Any CPU.ActiveCfg = Debug|Any CPU
		{EA17B14F-9AE3-421A-94CB-1E5413930D59}.Debug|Any CPU.Build.0 = Debug|Any CPU
		{EA17B14F-9AE3-421A-94CB-1E5413930D59}.Release|Any CPU.ActiveCfg = Release|Any CPU
		{EA17B14F-9AE3-421A-94CB-1E5413930D59}.Release|Any CPU.Build.0 = Release|Any CPU
		{F59D72B9-C1A9-4FE9-A8A6-23108764ED26}.Debug|Any CPU.ActiveCfg = Debug|Any CPU
		{F59D72B9-C1A9-4FE9-A8A6-23108764ED26}.Debug|Any CPU.Build.0 = Debug|Any CPU
		{F59D72B9-C1A9-4FE9-A8A6-23108764ED26}.Release|Any CPU.ActiveCfg = Release|Any CPU
		{F59D72B9-C1A9-4FE9-A8A6-23108764ED26}.Release|Any CPU.Build.0 = Release|Any CPU
		{D08E771D-AB85-4402-AEDA-85D3F9C4EE9C}.Debug|Any CPU.ActiveCfg = Debug|Any CPU
		{D08E771D-AB85-4402-AEDA-85D3F9C4EE9C}.Debug|Any CPU.Build.0 = Debug|Any CPU
		{D08E771D-AB85-4402-AEDA-85D3F9C4EE9C}.Release|Any CPU.ActiveCfg = Release|Any CPU
		{D08E771D-AB85-4402-AEDA-85D3F9C4EE9C}.Release|Any CPU.Build.0 = Release|Any CPU
		{29F8F944-8084-4167-92B6-1FE59FEA04EA}.Debug|Any CPU.ActiveCfg = Debug|Any CPU
		{29F8F944-8084-4167-92B6-1FE59FEA04EA}.Debug|Any CPU.Build.0 = Debug|Any CPU
		{29F8F944-8084-4167-92B6-1FE59FEA04EA}.Release|Any CPU.ActiveCfg = Release|Any CPU
		{29F8F944-8084-4167-92B6-1FE59FEA04EA}.Release|Any CPU.Build.0 = Release|Any CPU
		{340585F9-10A3-465B-A249-A7D8BE9C4CDC}.Debug|Any CPU.ActiveCfg = Debug|Any CPU
		{340585F9-10A3-465B-A249-A7D8BE9C4CDC}.Debug|Any CPU.Build.0 = Debug|Any CPU
		{340585F9-10A3-465B-A249-A7D8BE9C4CDC}.Release|Any CPU.ActiveCfg = Release|Any CPU
		{340585F9-10A3-465B-A249-A7D8BE9C4CDC}.Release|Any CPU.Build.0 = Release|Any CPU
	EndGlobalSection
	GlobalSection(SolutionProperties) = preSolution
		HideSolutionNode = FALSE
	EndGlobalSection
	GlobalSection(NestedProjects) = preSolution
		{B32D2E8D-DFF8-4818-9881-CAAAB8957DF5} = {9B9CAD19-1581-4A8D-BF72-E18914B4A7DC}
		{8765FC50-EAD1-4456-A7BA-81011CEC4FB3} = {9B9CAD19-1581-4A8D-BF72-E18914B4A7DC}
		{B6A096FB-92C6-4559-94D1-1B9D701FC757} = {9B9CAD19-1581-4A8D-BF72-E18914B4A7DC}
		{EA17B14F-9AE3-421A-94CB-1E5413930D59} = {54E7FA4C-62A7-46EA-AFE3-E99955C22B3F}
		{F59D72B9-C1A9-4FE9-A8A6-23108764ED26} = {54E7FA4C-62A7-46EA-AFE3-E99955C22B3F}
		{D08E771D-AB85-4402-AEDA-85D3F9C4EE9C} = {54E7FA4C-62A7-46EA-AFE3-E99955C22B3F}
		{29F8F944-8084-4167-92B6-1FE59FEA04EA} = {54E7FA4C-62A7-46EA-AFE3-E99955C22B3F}
		{340585F9-10A3-465B-A249-A7D8BE9C4CDC} = {54E7FA4C-62A7-46EA-AFE3-E99955C22B3F}
	EndGlobalSection
	GlobalSection(ExtensibilityGlobals) = postSolution
		SolutionGuid = {387055D3-9895-41BA-A97C-FDABD70AA84E}
	EndGlobalSection
EndGlobal
